
Microsoft Visual Studio Solution File, Format Version 12.00
# Visual Studio 15
VisualStudioVersion = 15.0.26430.6
MinimumVisualStudioVersion = 10.0.40219.1
Project("{FAE04EC0-301F-11D3-BF4B-00C04F79EFBC}") = "Wpf_Common_Interface_Controls", "Wpf_Common_Interface_Controls\Wpf_Common_Interface_Controls.csproj", "{8C017028-9C2E-46CC-A39A-36C75EA52372}"
EndProject
Project("{FAE04EC0-301F-11D3-BF4B-00C04F79EFBC}") = "Wpf_ToolbarSample", "Wpf_ToolbarSample\Wpf_ToolbarSample.csproj", "{B82D37A4-82CC-49FF-8547-670EAF8BCFE5}"
EndProject
Global
	GlobalSection(SolutionConfigurationPlatforms) = preSolution
		Debug|Any CPU = Debug|Any CPU
		Release|Any CPU = Release|Any CPU
	EndGlobalSection
	GlobalSection(ProjectConfigurationPlatforms) = postSolution
		{8C017028-9C2E-46CC-A39A-36C75EA52372}.Debug|Any CPU.ActiveCfg = Debug|Any CPU
		{8C017028-9C2E-46CC-A39A-36C75EA52372}.Debug|Any CPU.Build.0 = Debug|Any CPU
		{8C017028-9C2E-46CC-A39A-36C75EA52372}.Release|Any CPU.ActiveCfg = Release|Any CPU
		{8C017028-9C2E-46CC-A39A-36C75EA52372}.Release|Any CPU.Build.0 = Release|Any CPU
		{B82D37A4-82CC-49FF-8547-670EAF8BCFE5}.Debug|Any CPU.ActiveCfg = Debug|Any CPU
		{B82D37A4-82CC-49FF-8547-670EAF8BCFE5}.Debug|Any CPU.Build.0 = Debug|Any CPU
		{B82D37A4-82CC-49FF-8547-670EAF8BCFE5}.Release|Any CPU.ActiveCfg = Release|Any CPU
		{B82D37A4-82CC-49FF-8547-670EAF8BCFE5}.Release|Any CPU.Build.0 = Release|Any CPU
	EndGlobalSection
	GlobalSection(SolutionProperties) = preSolution
		HideSolutionNode = FALSE
	EndGlobalSection
EndGlobal
